// !$*UTF8*$!
{
	archiveVersion = 1;
	classes = {
	};
	objectVersion = 55;
	objects = {

/* Begin PBXBuildFile section */
		CD7631752770E7F00075F348 /* AppDelegate.swift in Sources */ = {isa = PBXBuildFile; fileRef = CD7631742770E7F00075F348 /* AppDelegate.swift */; };
		CD7631772770E7F00075F348 /* SceneDelegate.swift in Sources */ = {isa = PBXBuildFile; fileRef = CD7631762770E7F00075F348 /* SceneDelegate.swift */; };
		CD7631792770E7F00075F348 /* ViewController.swift in Sources */ = {isa = PBXBuildFile; fileRef = CD7631782770E7F00075F348 /* ViewController.swift */; };
		CD76317C2770E7F00075F348 /* Main.storyboard in Resources */ = {isa = PBXBuildFile; fileRef = CD76317A2770E7F00075F348 /* Main.storyboard */; };
		CD76317E2770E7F60075F348 /* Assets.xcassets in Resources */ = {isa = PBXBuildFile; fileRef = CD76317D2770E7F60075F348 /* Assets.xcassets */; };
		CD7631812770E7F60075F348 /* LaunchScreen.storyboard in Resources */ = {isa = PBXBuildFile; fileRef = CD76317F2770E7F60075F348 /* LaunchScreen.storyboard */; };
		CD76318C2770E7F60075F348 /* Hot_Tub_TimeTests.swift in Sources */ = {isa = PBXBuildFile; fileRef = CD76318B2770E7F60075F348 /* Hot_Tub_TimeTests.swift */; };
		CD7631962770E7F60075F348 /* Hot_Tub_TimeUITests.swift in Sources */ = {isa = PBXBuildFile; fileRef = CD7631952770E7F60075F348 /* Hot_Tub_TimeUITests.swift */; };
		CD7631982770E7F60075F348 /* Hot_Tub_TimeUITestsLaunchTests.swift in Sources */ = {isa = PBXBuildFile; fileRef = CD7631972770E7F60075F348 /* Hot_Tub_TimeUITestsLaunchTests.swift */; };
/* End PBXBuildFile section */

/* Begin PBXContainerItemProxy section */
		CD7631882770E7F60075F348 /* PBXContainerItemProxy */ = {
			isa = PBXContainerItemProxy;
			containerPortal = CD7631692770E7F00075F348 /* Project object */;
			proxyType = 1;
			remoteGlobalIDString = CD7631702770E7F00075F348;
			remoteInfo = "Hot Tub Time";
		};
		CD7631922770E7F60075F348 /* PBXContainerItemProxy */ = {
			isa = PBXContainerItemProxy;
			containerPortal = CD7631692770E7F00075F348 /* Project object */;
			proxyType = 1;
			remoteGlobalIDString = CD7631702770E7F00075F348;
			remoteInfo = "Hot Tub Time";
		};
/* End PBXContainerItemProxy section */

/* Begin PBXFileReference section */
		CD7631712770E7F00075F348 /* Hot Tub Time.app */ = {isa = PBXFileReference; explicitFileType = wrapper.application; includeInIndex = 0; path = "Hot Tub Time.app"; sourceTree = BUILT_PRODUCTS_DIR; };
		CD7631742770E7F00075F348 /* AppDelegate.swift */ = {isa = PBXFileReference; lastKnownFileType = sourcecode.swift; path = AppDelegate.swift; sourceTree = "<group>"; };
		CD7631762770E7F00075F348 /* SceneDelegate.swift */ = {isa = PBXFileReference; lastKnownFileType = sourcecode.swift; path = SceneDelegate.swift; sourceTree = "<group>"; };
		CD7631782770E7F00075F348 /* ViewController.swift */ = {isa = PBXFileReference; lastKnownFileType = sourcecode.swift; path = ViewController.swift; sourceTree = "<group>"; };
		CD76317B2770E7F00075F348 /* Base */ = {isa = PBXFileReference; lastKnownFileType = file.storyboard; name = Base; path = Base.lproj/Main.storyboard; sourceTree = "<group>"; };
		CD76317D2770E7F60075F348 /* Assets.xcassets */ = {isa = PBXFileReference; lastKnownFileType = folder.assetcatalog; path = Assets.xcassets; sourceTree = "<group>"; };
		CD7631802770E7F60075F348 /* Base */ = {isa = PBXFileReference; lastKnownFileType = file.storyboard; name = Base; path = Base.lproj/LaunchScreen.storyboard; sourceTree = "<group>"; };
		CD7631822770E7F60075F348 /* Info.plist */ = {isa = PBXFileReference; lastKnownFileType = text.plist.xml; path = Info.plist; sourceTree = "<group>"; };
		CD7631872770E7F60075F348 /* Hot Tub TimeTests.xctest */ = {isa = PBXFileReference; explicitFileType = wrapper.cfbundle; includeInIndex = 0; path = "Hot Tub TimeTests.xctest"; sourceTree = BUILT_PRODUCTS_DIR; };
		CD76318B2770E7F60075F348 /* Hot_Tub_TimeTests.swift */ = {isa = PBXFileReference; lastKnownFileType = sourcecode.swift; path = Hot_Tub_TimeTests.swift; sourceTree = "<group>"; };
		CD7631912770E7F60075F348 /* Hot Tub TimeUITests.xctest */ = {isa = PBXFileReference; explicitFileType = wrapper.cfbundle; includeInIndex = 0; path = "Hot Tub TimeUITests.xctest"; sourceTree = BUILT_PRODUCTS_DIR; };
		CD7631952770E7F60075F348 /* Hot_Tub_TimeUITests.swift */ = {isa = PBXFileReference; lastKnownFileType = sourcecode.swift; path = Hot_Tub_TimeUITests.swift; sourceTree = "<group>"; };
		CD7631972770E7F60075F348 /* Hot_Tub_TimeUITestsLaunchTests.swift */ = {isa = PBXFileReference; lastKnownFileType = sourcecode.swift; path = Hot_Tub_TimeUITestsLaunchTests.swift; sourceTree = "<group>"; };
/* End PBXFileReference section */

/* Begin PBXFrameworksBuildPhase section */
		CD76316E2770E7F00075F348 /* Frameworks */ = {
			isa = PBXFrameworksBuildPhase;
			buildActionMask = 2147483647;
			files = (
			);
			runOnlyForDeploymentPostprocessing = 0;
		};
		CD7631842770E7F60075F348 /* Frameworks */ = {
			isa = PBXFrameworksBuildPhase;
			buildActionMask = 2147483647;
			files = (
			);
			runOnlyForDeploymentPostprocessing = 0;
		};
		CD76318E2770E7F60075F348 /* Frameworks */ = {
			isa = PBXFrameworksBuildPhase;
			buildActionMask = 2147483647;
			files = (
			);
			runOnlyForDeploymentPostprocessing = 0;
		};
/* End PBXFrameworksBuildPhase section */

/* Begin PBXGroup section */
		CD7631682770E7F00075F348 = {
			isa = PBXGroup;
			children = (
				CD7631732770E7F00075F348 /* Hot Tub Time */,
				CD76318A2770E7F60075F348 /* Hot Tub TimeTests */,
				CD7631942770E7F60075F348 /* Hot Tub TimeUITests */,
				CD7631722770E7F00075F348 /* Products */,
			);
			sourceTree = "<group>";
		};
		CD7631722770E7F00075F348 /* Products */ = {
			isa = PBXGroup;
			children = (
				CD7631712770E7F00075F348 /* Hot Tub Time.app */,
				CD7631872770E7F60075F348 /* Hot Tub TimeTests.xctest */,
				CD7631912770E7F60075F348 /* Hot Tub TimeUITests.xctest */,
			);
			name = Products;
			sourceTree = "<group>";
		};
		CD7631732770E7F00075F348 /* Hot Tub Time */ = {
			isa = PBXGroup;
			children = (
				CD7631742770E7F00075F348 /* AppDelegate.swift */,
				CD7631762770E7F00075F348 /* SceneDelegate.swift */,
				CD7631782770E7F00075F348 /* ViewController.swift */,
				CD76317A2770E7F00075F348 /* Main.storyboard */,
				CD76317D2770E7F60075F348 /* Assets.xcassets */,
				CD76317F2770E7F60075F348 /* LaunchScreen.storyboard */,
				CD7631822770E7F60075F348 /* Info.plist */,
			);
			path = "Hot Tub Time";
			sourceTree = "<group>";
		};
		CD76318A2770E7F60075F348 /* Hot Tub TimeTests */ = {
			isa = PBXGroup;
			children = (
				CD76318B2770E7F60075F348 /* Hot_Tub_TimeTests.swift */,
			);
			path = "Hot Tub TimeTests";
			sourceTree = "<group>";
		};
		CD7631942770E7F60075F348 /* Hot Tub TimeUITests */ = {
			isa = PBXGroup;
			children = (
				CD7631952770E7F60075F348 /* Hot_Tub_TimeUITests.swift */,
				CD7631972770E7F60075F348 /* Hot_Tub_TimeUITestsLaunchTests.swift */,
			);
			path = "Hot Tub TimeUITests";
			sourceTree = "<group>";
		};
/* End PBXGroup section */

/* Begin PBXNativeTarget section */
		CD7631702770E7F00075F348 /* Hot Tub Time */ = {
			isa = PBXNativeTarget;
			buildConfigurationList = CD76319B2770E7F60075F348 /* Build configuration list for PBXNativeTarget "Hot Tub Time" */;
			buildPhases = (
				CD76316D2770E7F00075F348 /* Sources */,
				CD76316E2770E7F00075F348 /* Frameworks */,
				CD76316F2770E7F00075F348 /* Resources */,
			);
			buildRules = (
			);
			dependencies = (
			);
			name = "Hot Tub Time";
			productName = "Hot Tub Time";
			productReference = CD7631712770E7F00075F348 /* Hot Tub Time.app */;
			productType = "com.apple.product-type.application";
		};
		CD7631862770E7F60075F348 /* Hot Tub TimeTests */ = {
			isa = PBXNativeTarget;
			buildConfigurationList = CD76319E2770E7F60075F348 /* Build configuration list for PBXNativeTarget "Hot Tub TimeTests" */;
			buildPhases = (
				CD7631832770E7F60075F348 /* Sources */,
				CD7631842770E7F60075F348 /* Frameworks */,
				CD7631852770E7F60075F348 /* Resources */,
			);
			buildRules = (
			);
			dependencies = (
				CD7631892770E7F60075F348 /* PBXTargetDependency */,
			);
			name = "Hot Tub TimeTests";
			productName = "Hot Tub TimeTests";
			productReference = CD7631872770E7F60075F348 /* Hot Tub TimeTests.xctest */;
			productType = "com.apple.product-type.bundle.unit-test";
		};
		CD7631902770E7F60075F348 /* Hot Tub TimeUITests */ = {
			isa = PBXNativeTarget;
			buildConfigurationList = CD7631A12770E7F60075F348 /* Build configuration list for PBXNativeTarget "Hot Tub TimeUITests" */;
			buildPhases = (
				CD76318D2770E7F60075F348 /* Sources */,
				CD76318E2770E7F60075F348 /* Frameworks */,
				CD76318F2770E7F60075F348 /* Resources */,
			);
			buildRules = (
			);
			dependencies = (
				CD7631932770E7F60075F348 /* PBXTargetDependency */,
			);
			name = "Hot Tub TimeUITests";
			productName = "Hot Tub TimeUITests";
			productReference = CD7631912770E7F60075F348 /* Hot Tub TimeUITests.xctest */;
			productType = "com.apple.product-type.bundle.ui-testing";
		};
/* End PBXNativeTarget section */

/* Begin PBXProject section */
		CD7631692770E7F00075F348 /* Project object */ = {
			isa = PBXProject;
			attributes = {
				BuildIndependentTargetsInParallel = 1;
				LastSwiftUpdateCheck = 1320;
				LastUpgradeCheck = 1320;
				TargetAttributes = {
					CD7631702770E7F00075F348 = {
						CreatedOnToolsVersion = 13.2;
					};
					CD7631862770E7F60075F348 = {
						CreatedOnToolsVersion = 13.2;
						TestTargetID = CD7631702770E7F00075F348;
					};
					CD7631902770E7F60075F348 = {
						CreatedOnToolsVersion = 13.2;
						TestTargetID = CD7631702770E7F00075F348;
					};
				};
			};
			buildConfigurationList = CD76316C2770E7F00075F348 /* Build configuration list for PBXProject "Hot Tub Time" */;
			compatibilityVersion = "Xcode 13.0";
			developmentRegion = en;
			hasScannedForEncodings = 0;
			knownRegions = (
				en,
				Base,
			);
			mainGroup = CD7631682770E7F00075F348;
			productRefGroup = CD7631722770E7F00075F348 /* Products */;
			projectDirPath = "";
			projectRoot = "";
			targets = (
				CD7631702770E7F00075F348 /* Hot Tub Time */,
				CD7631862770E7F60075F348 /* Hot Tub TimeTests */,
				CD7631902770E7F60075F348 /* Hot Tub TimeUITests */,
			);
		};
/* End PBXProject section */

/* Begin PBXResourcesBuildPhase section */
		CD76316F2770E7F00075F348 /* Resources */ = {
			isa = PBXResourcesBuildPhase;
			buildActionMask = 2147483647;
			files = (
				CD7631812770E7F60075F348 /* LaunchScreen.storyboard in Resources */,
				CD76317E2770E7F60075F348 /* Assets.xcassets in Resources */,
				CD76317C2770E7F00075F348 /* Main.storyboard in Resources */,
			);
			runOnlyForDeploymentPostprocessing = 0;
		};
		CD7631852770E7F60075F348 /* Resources */ = {
			isa = PBXResourcesBuildPhase;
			buildActionMask = 2147483647;
			files = (
			);
			runOnlyForDeploymentPostprocessing = 0;
		};
		CD76318F2770E7F60075F348 /* Resources */ = {
			isa = PBXResourcesBuildPhase;
			buildActionMask = 2147483647;
			files = (
			);
			runOnlyForDeploymentPostprocessing = 0;
		};
/* End PBXResourcesBuildPhase section */

/* Begin PBXSourcesBuildPhase section */
		CD76316D2770E7F00075F348 /* Sources */ = {
			isa = PBXSourcesBuildPhase;
			buildActionMask = 2147483647;
			files = (
				CD7631792770E7F00075F348 /* ViewController.swift in Sources */,
				CD7631752770E7F00075F348 /* AppDelegate.swift in Sources */,
				CD7631772770E7F00075F348 /* SceneDelegate.swift in Sources */,
			);
			runOnlyForDeploymentPostprocessing = 0;
		};
		CD7631832770E7F60075F348 /* Sources */ = {
			isa = PBXSourcesBuildPhase;
			buildActionMask = 2147483647;
			files = (
				CD76318C2770E7F60075F348 /* Hot_Tub_TimeTests.swift in Sources */,
			);
			runOnlyForDeploymentPostprocessing = 0;
		};
		CD76318D2770E7F60075F348 /* Sources */ = {
			isa = PBXSourcesBuildPhase;
			buildActionMask = 2147483647;
			files = (
				CD7631962770E7F60075F348 /* Hot_Tub_TimeUITests.swift in Sources */,
				CD7631982770E7F60075F348 /* Hot_Tub_TimeUITestsLaunchTests.swift in Sources */,
			);
			runOnlyForDeploymentPostprocessing = 0;
		};
/* End PBXSourcesBuildPhase section */

/* Begin PBXTargetDependency section */
		CD7631892770E7F60075F348 /* PBXTargetDependency */ = {
			isa = PBXTargetDependency;
			target = CD7631702770E7F00075F348 /* Hot Tub Time */;
			targetProxy = CD7631882770E7F60075F348 /* PBXContainerItemProxy */;
		};
		CD7631932770E7F60075F348 /* PBXTargetDependency */ = {
			isa = PBXTargetDependency;
			target = CD7631702770E7F00075F348 /* Hot Tub Time */;
			targetProxy = CD7631922770E7F60075F348 /* PBXContainerItemProxy */;
		};
/* End PBXTargetDependency section */

/* Begin PBXVariantGroup section */
		CD76317A2770E7F00075F348 /* Main.storyboard */ = {
			isa = PBXVariantGroup;
			children = (
				CD76317B2770E7F00075F348 /* Base */,
			);
			name = Main.storyboard;
			sourceTree = "<group>";
		};
		CD76317F2770E7F60075F348 /* LaunchScreen.storyboard */ = {
			isa = PBXVariantGroup;
			children = (
				CD7631802770E7F60075F348 /* Base */,
			);
			name = LaunchScreen.storyboard;
			sourceTree = "<group>";
		};
/* End PBXVariantGroup section */

/* Begin XCBuildConfiguration section */
		CD7631992770E7F60075F348 /* Debug */ = {
			isa = XCBuildConfiguration;
			buildSettings = {
				ALWAYS_SEARCH_USER_PATHS = NO;
				CLANG_ANALYZER_NONNULL = YES;
				CLANG_ANALYZER_NUMBER_OBJECT_CONVERSION = YES_AGGRESSIVE;
				CLANG_CXX_LANGUAGE_STANDARD = "gnu++17";
				CLANG_CXX_LIBRARY = "libc++";
				CLANG_ENABLE_MODULES = YES;
				CLANG_ENABLE_OBJC_ARC = YES;
				CLANG_ENABLE_OBJC_WEAK = YES;
				CLANG_WARN_BLOCK_CAPTURE_AUTORELEASING = YES;
				CLANG_WARN_BOOL_CONVERSION = YES;
				CLANG_WARN_COMMA = YES;
				CLANG_WARN_CONSTANT_CONVERSION = YES;
				CLANG_WARN_DEPRECATED_OBJC_IMPLEMENTATIONS = YES;
				CLANG_WARN_DIRECT_OBJC_ISA_USAGE = YES_ERROR;
				CLANG_WARN_DOCUMENTATION_COMMENTS = YES;
				CLANG_WARN_EMPTY_BODY = YES;
				CLANG_WARN_ENUM_CONVERSION = YES;
				CLANG_WARN_INFINITE_RECURSION = YES;
				CLANG_WARN_INT_CONVERSION = YES;
				CLANG_WARN_NON_LITERAL_NULL_CONVERSION = YES;
				CLANG_WARN_OBJC_IMPLICIT_RETAIN_SELF = YES;
				CLANG_WARN_OBJC_LITERAL_CONVERSION = YES;
				CLANG_WARN_OBJC_ROOT_CLASS = YES_ERROR;
				CLANG_WARN_QUOTED_INCLUDE_IN_FRAMEWORK_HEADER = YES;
				CLANG_WARN_RANGE_LOOP_ANALYSIS = YES;
				CLANG_WARN_STRICT_PROTOTYPES = YES;
				CLANG_WARN_SUSPICIOUS_MOVE = YES;
				CLANG_WARN_UNGUARDED_AVAILABILITY = YES_AGGRESSIVE;
				CLANG_WARN_UNREACHABLE_CODE = YES;
				CLANG_WARN__DUPLICATE_METHOD_MATCH = YES;
				COPY_PHASE_STRIP = NO;
				DEBUG_INFORMATION_FORMAT = dwarf;
				ENABLE_STRICT_OBJC_MSGSEND = YES;
				ENABLE_TESTABILITY = YES;
				GCC_C_LANGUAGE_STANDARD = gnu11;
				GCC_DYNAMIC_NO_PIC = NO;
				GCC_NO_COMMON_BLOCKS = YES;
				GCC_OPTIMIZATION_LEVEL = 0;
				GCC_PREPROCESSOR_DEFINITIONS = (
					"DEBUG=1",
					"$(inherited)",
				);
				GCC_WARN_64_TO_32_BIT_CONVERSION = YES;
				GCC_WARN_ABOUT_RETURN_TYPE = YES_ERROR;
				GCC_WARN_UNDECLARED_SELECTOR = YES;
				GCC_WARN_UNINITIALIZED_AUTOS = YES_AGGRESSIVE;
				GCC_WARN_UNUSED_FUNCTION = YES;
				GCC_WARN_UNUSED_VARIABLE = YES;
				IPHONEOS_DEPLOYMENT_TARGET = 15.2;
				MTL_ENABLE_DEBUG_INFO = INCLUDE_SOURCE;
				MTL_FAST_MATH = YES;
				ONLY_ACTIVE_ARCH = YES;
				SDKROOT = iphoneos;
				SWIFT_ACTIVE_COMPILATION_CONDITIONS = DEBUG;
				SWIFT_OPTIMIZATION_LEVEL = "-Onone";
			};
			name = Debug;
		};
		CD76319A2770E7F60075F348 /* Release */ = {
			isa = XCBuildConfiguration;
			buildSettings = {
				ALWAYS_SEARCH_USER_PATHS = NO;
				CLANG_ANALYZER_NONNULL = YES;
				CLANG_ANALYZER_NUMBER_OBJECT_CONVERSION = YES_AGGRESSIVE;
				CLANG_CXX_LANGUAGE_STANDARD = "gnu++17";
				CLANG_CXX_LIBRARY = "libc++";
				CLANG_ENABLE_MODULES = YES;
				CLANG_ENABLE_OBJC_ARC = YES;
				CLANG_ENABLE_OBJC_WEAK = YES;
				CLANG_WARN_BLOCK_CAPTURE_AUTORELEASING = YES;
				CLANG_WARN_BOOL_CONVERSION = YES;
				CLANG_WARN_COMMA = YES;
				CLANG_WARN_CONSTANT_CONVERSION = YES;
				CLANG_WARN_DEPRECATED_OBJC_IMPLEMENTATIONS = YES;
				CLANG_WARN_DIRECT_OBJC_ISA_USAGE = YES_ERROR;
				CLANG_WARN_DOCUMENTATION_COMMENTS = YES;
				CLANG_WARN_EMPTY_BODY = YES;
				CLANG_WARN_ENUM_CONVERSION = YES;
				CLANG_WARN_INFINITE_RECURSION = YES;
				CLANG_WARN_INT_CONVERSION = YES;
				CLANG_WARN_NON_LITERAL_NULL_CONVERSION = YES;
				CLANG_WARN_OBJC_IMPLICIT_RETAIN_SELF = YES;
				CLANG_WARN_OBJC_LITERAL_CONVERSION = YES;
				CLANG_WARN_OBJC_ROOT_CLASS = YES_ERROR;
				CLANG_WARN_QUOTED_INCLUDE_IN_FRAMEWORK_HEADER = YES;
				CLANG_WARN_RANGE_LOOP_ANALYSIS = YES;
				CLANG_WARN_STRICT_PROTOTYPES = YES;
				CLANG_WARN_SUSPICIOUS_MOVE = YES;
				CLANG_WARN_UNGUARDED_AVAILABILITY = YES_AGGRESSIVE;
				CLANG_WARN_UNREACHABLE_CODE = YES;
				CLANG_WARN__DUPLICATE_METHOD_MATCH = YES;
				COPY_PHASE_STRIP = NO;
				DEBUG_INFORMATION_FORMAT = "dwarf-with-dsym";
				ENABLE_NS_ASSERTIONS = NO;
				ENABLE_STRICT_OBJC_MSGSEND = YES;
				GCC_C_LANGUAGE_STANDARD = gnu11;
				GCC_NO_COMMON_BLOCKS = YES;
				GCC_WARN_64_TO_32_BIT_CONVERSION = YES;
				GCC_WARN_ABOUT_RETURN_TYPE = YES_ERROR;
				GCC_WARN_UNDECLARED_SELECTOR = YES;
				GCC_WARN_UNINITIALIZED_AUTOS = YES_AGGRESSIVE;
				GCC_WARN_UNUSED_FUNCTION = YES;
				GCC_WARN_UNUSED_VARIABLE = YES;
				IPHONEOS_DEPLOYMENT_TARGET = 15.2;
				MTL_ENABLE_DEBUG_INFO = NO;
				MTL_FAST_MATH = YES;
				SDKROOT = iphoneos;
				SWIFT_COMPILATION_MODE = wholemodule;
				SWIFT_OPTIMIZATION_LEVEL = "-O";
				VALIDATE_PRODUCT = YES;
			};
			name = Release;
		};
		CD76319C2770E7F60075F348 /* Debug */ = {
			isa = XCBuildConfiguration;
			buildSettings = {
				ASSETCATALOG_COMPILER_APPICON_NAME = AppIcon;
				ASSETCATALOG_COMPILER_GLOBAL_ACCENT_COLOR_NAME = AccentColor;
				CODE_SIGN_STYLE = Automatic;
				CURRENT_PROJECT_VERSION = 1;
				DEVELOPMENT_TEAM = QXHD8L9PCK;
				GENERATE_INFOPLIST_FILE = YES;
				INFOPLIST_FILE = "Hot Tub Time/Info.plist";
				INFOPLIST_KEY_UIApplicationSupportsIndirectInputEvents = YES;
				INFOPLIST_KEY_UILaunchStoryboardName = LaunchScreen;
				INFOPLIST_KEY_UIMainStoryboardFile = Main;
				INFOPLIST_KEY_UISupportedInterfaceOrientations_iPad = "UIInterfaceOrientationPortrait UIInterfaceOrientationPortraitUpsideDown UIInterfaceOrientationLandscapeLeft UIInterfaceOrientationLandscapeRight";
				INFOPLIST_KEY_UISupportedInterfaceOrientations_iPhone = "UIInterfaceOrientationPortrait UIInterfaceOrientationLandscapeLeft UIInterfaceOrientationLandscapeRight";
				LD_RUNPATH_SEARCH_PATHS = (
					"$(inherited)",
					"@executable_path/Frameworks",
				);
				MARKETING_VERSION = 1.0;
				PRODUCT_BUNDLE_IDENTIFIER = "com.josephclaymiller.Hot-Tub-Time";
				PRODUCT_NAME = "$(TARGET_NAME)";
				SWIFT_EMIT_LOC_STRINGS = YES;
				SWIFT_VERSION = 5.0;
				TARGETED_DEVICE_FAMILY = "1,2";
			};
			name = Debug;
		};
		CD76319D2770E7F60075F348 /* Release */ = {
			isa = XCBuildConfiguration;
			buildSettings = {
				ASSETCATALOG_COMPILER_APPICON_NAME = AppIcon;
				ASSETCATALOG_COMPILER_GLOBAL_ACCENT_COLOR_NAME = AccentColor;
				CODE_SIGN_STYLE = Automatic;
				CURRENT_PROJECT_VERSION = 1;
				DEVELOPMENT_TEAM = QXHD8L9PCK;
				GENERATE_INFOPLIST_FILE = YES;
				INFOPLIST_FILE = "Hot Tub Time/Info.plist";
				INFOPLIST_KEY_UIApplicationSupportsIndirectInputEvents = YES;
				INFOPLIST_KEY_UILaunchStoryboardName = LaunchScreen;
				INFOPLIST_KEY_UIMainStoryboardFile = Main;
				INFOPLIST_KEY_UISupportedInterfaceOrientations_iPad = "UIInterfaceOrientationPortrait UIInterfaceOrientationPortraitUpsideDown UIInterfaceOrientationLandscapeLeft UIInterfaceOrientationLandscapeRight";
				INFOPLIST_KEY_UISupportedInterfaceOrientations_iPhone = "UIInterfaceOrientationPortrait UIInterfaceOrientationLandscapeLeft UIInterfaceOrientationLandscapeRight";
				LD_RUNPATH_SEARCH_PATHS = (
					"$(inherited)",
					"@executable_path/Frameworks",
				);
				MARKETING_VERSION = 1.0;
				PRODUCT_BUNDLE_IDENTIFIER = "com.josephclaymiller.Hot-Tub-Time";
				PRODUCT_NAME = "$(TARGET_NAME)";
				SWIFT_EMIT_LOC_STRINGS = YES;
				SWIFT_VERSION = 5.0;
				TARGETED_DEVICE_FAMILY = "1,2";
			};
			name = Release;
		};
		CD76319F2770E7F60075F348 /* Debug */ = {
			isa = XCBuildConfiguration;
			buildSettings = {
				ALWAYS_EMBED_SWIFT_STANDARD_LIBRARIES = YES;
				BUNDLE_LOADER = "$(TEST_HOST)";
				CODE_SIGN_STYLE = Automatic;
				CURRENT_PROJECT_VERSION = 1;
				DEVELOPMENT_TEAM = QXHD8L9PCK;
				GENERATE_INFOPLIST_FILE = YES;
				IPHONEOS_DEPLOYMENT_TARGET = 15.2;
				MARKETING_VERSION = 1.0;
				PRODUCT_BUNDLE_IDENTIFIER = "com.josephclaymiller.Hot-Tub-TimeTests";
				PRODUCT_NAME = "$(TARGET_NAME)";
				SWIFT_EMIT_LOC_STRINGS = NO;
				SWIFT_VERSION = 5.0;
				TARGETED_DEVICE_FAMILY = "1,2";
				TEST_HOST = "$(BUILT_PRODUCTS_DIR)/Hot Tub Time.app/Hot Tub Time";
			};
			name = Debug;
		};
		CD7631A02770E7F60075F348 /* Release */ = {
			isa = XCBuildConfiguration;
			buildSettings = {
				ALWAYS_EMBED_SWIFT_STANDARD_LIBRARIES = YES;
				BUNDLE_LOADER = "$(TEST_HOST)";
				CODE_SIGN_STYLE = Automatic;
				CURRENT_PROJECT_VERSION = 1;
				DEVELOPMENT_TEAM = QXHD8L9PCK;
				GENERATE_INFOPLIST_FILE = YES;
				IPHONEOS_DEPLOYMENT_TARGET = 15.2;
				MARKETING_VERSION = 1.0;
				PRODUCT_BUNDLE_IDENTIFIER = "com.josephclaymiller.Hot-Tub-TimeTests";
				PRODUCT_NAME = "$(TARGET_NAME)";
				SWIFT_EMIT_LOC_STRINGS = NO;
				SWIFT_VERSION = 5.0;
				TARGETED_DEVICE_FAMILY = "1,2";
				TEST_HOST = "$(BUILT_PRODUCTS_DIR)/Hot Tub Time.app/Hot Tub Time";
			};
			name = Release;
		};
		CD7631A22770E7F60075F348 /* Debug */ = {
			isa = XCBuildConfiguration;
			buildSettings = {
				ALWAYS_EMBED_SWIFT_STANDARD_LIBRARIES = YES;
				CODE_SIGN_STYLE = Automatic;
				CURRENT_PROJECT_VERSION = 1;
				DEVELOPMENT_TEAM = QXHD8L9PCK;
				GENERATE_INFOPLIST_FILE = YES;
				MARKETING_VERSION = 1.0;
				PRODUCT_BUNDLE_IDENTIFIER = "com.josephclaymiller.Hot-Tub-TimeUITests";
				PRODUCT_NAME = "$(TARGET_NAME)";
				SWIFT_EMIT_LOC_STRINGS = NO;
				SWIFT_VERSION = 5.0;
				TARGETED_DEVICE_FAMILY = "1,2";
				TEST_TARGET_NAME = "Hot Tub Time";
			};
			name = Debug;
		};
		CD7631A32770E7F60075F348 /* Release */ = {
			isa = XCBuildConfiguration;
			buildSettings = {
				ALWAYS_EMBED_SWIFT_STANDARD_LIBRARIES = YES;
				CODE_SIGN_STYLE = Automatic;
				CURRENT_PROJECT_VERSION = 1;
				DEVELOPMENT_TEAM = QXHD8L9PCK;
				GENERATE_INFOPLIST_FILE = YES;
				MARKETING_VERSION = 1.0;
				PRODUCT_BUNDLE_IDENTIFIER = "com.josephclaymiller.Hot-Tub-TimeUITests";
				PRODUCT_NAME = "$(TARGET_NAME)";
				SWIFT_EMIT_LOC_STRINGS = NO;
				SWIFT_VERSION = 5.0;
				TARGETED_DEVICE_FAMILY = "1,2";
				TEST_TARGET_NAME = "Hot Tub Time";
			};
			name = Release;
		};
/* End XCBuildConfiguration section */

/* Begin XCConfigurationList section */
		CD76316C2770E7F00075F348 /* Build configuration list for PBXProject "Hot Tub Time" */ = {
			isa = XCConfigurationList;
			buildConfigurations = (
				CD7631992770E7F60075F348 /* Debug */,
				CD76319A2770E7F60075F348 /* Release */,
			);
			defaultConfigurationIsVisible = 0;
			defaultConfigurationName = Release;
		};
		CD76319B2770E7F60075F348 /* Build configuration list for PBXNativeTarget "Hot Tub Time" */ = {
			isa = XCConfigurationList;
			buildConfigurations = (
				CD76319C2770E7F60075F348 /* Debug */,
				CD76319D2770E7F60075F348 /* Release */,
			);
			defaultConfigurationIsVisible = 0;
			defaultConfigurationName = Release;
		};
		CD76319E2770E7F60075F348 /* Build configuration list for PBXNativeTarget "Hot Tub TimeTests" */ = {
			isa = XCConfigurationList;
			buildConfigurations = (
				CD76319F2770E7F60075F348 /* Debug */,
				CD7631A02770E7F60075F348 /* Release */,
			);
			defaultConfigurationIsVisible = 0;
			defaultConfigurationName = Release;
		};
		CD7631A12770E7F60075F348 /* Build configuration list for PBXNativeTarget "Hot Tub TimeUITests" */ = {
			isa = XCConfigurationList;
			buildConfigurations = (
				CD7631A22770E7F60075F348 /* Debug */,
				CD7631A32770E7F60075F348 /* Release */,
			);
			defaultConfigurationIsVisible = 0;
			defaultConfigurationName = Release;
		};
/* End XCConfigurationList section */
	};
	rootObject = CD7631692770E7F00075F348 /* Project object */;
}
